
Microsoft Visual Studio Solution File, Format Version 12.00
# Visual Studio Version 16
VisualStudioVersion = 16.0.30011.22
MinimumVisualStudioVersion = 10.0.40219.1
Project("{FAE04EC0-301F-11D3-BF4B-00C04F79EFBC}") = "Common", "Common\Common.csproj", "{D2CC0997-1F19-4727-A1F2-C125AD55DD11}"
EndProject
Project("{FAE04EC0-301F-11D3-BF4B-00C04F79EFBC}") = "SchedulingAlgorithms", "SchedulingAlgorithms\SchedulingAlgorithms.csproj", "{5A12EC85-D31F-43CE-AC4F-D9CF68BA4111}"
EndProject
Global
	GlobalSection(SolutionConfigurationPlatforms) = preSolution
		Debug|Any CPU = Debug|Any CPU
		Release|Any CPU = Release|Any CPU
	EndGlobalSection
	GlobalSection(ProjectConfigurationPlatforms) = postSolution
		{D2CC0997-1F19-4727-A1F2-C125AD55DD11}.Debug|Any CPU.ActiveCfg = Debug|Any CPU
		{D2CC0997-1F19-4727-A1F2-C125AD55DD11}.Debug|Any CPU.Build.0 = Debug|Any CPU
		{D2CC0997-1F19-4727-A1F2-C125AD55DD11}.Release|Any CPU.ActiveCfg = Release|Any CPU
		{D2CC0997-1F19-4727-A1F2-C125AD55DD11}.Release|Any CPU.Build.0 = Release|Any CPU
		{5A12EC85-D31F-43CE-AC4F-D9CF68BA4111}.Debug|Any CPU.ActiveCfg = Debug|Any CPU
		{5A12EC85-D31F-43CE-AC4F-D9CF68BA4111}.Debug|Any CPU.Build.0 = Debug|Any CPU
		{5A12EC85-D31F-43CE-AC4F-D9CF68BA4111}.Release|Any CPU.ActiveCfg = Release|Any CPU
		{5A12EC85-D31F-43CE-AC4F-D9CF68BA4111}.Release|Any CPU.Build.0 = Release|Any CPU
	EndGlobalSection
	GlobalSection(SolutionProperties) = preSolution
		HideSolutionNode = FALSE
	EndGlobalSection
	GlobalSection(ExtensibilityGlobals) = postSolution
		SolutionGuid = {457A04C7-D8C2-4DCE-8B05-96755AA94DC8}
	EndGlobalSection
EndGlobal
